
Microsoft Visual Studio Solution File, Format Version 12.00
Project("{FAE04EC0-301F-11D3-BF4B-00C04F79EFBC}") = "CustomEscapes", "CustomEscapes\CustomEscapes.csproj", "{A1B7E492-7DA3-438B-B5DC-0F719A3A2B10}"
EndProject
Global
	GlobalSection(SolutionConfigurationPlatforms) = preSolution
		Debug|Any CPU = Debug|Any CPU
		Release|Any CPU = Release|Any CPU
	EndGlobalSection
	GlobalSection(ProjectConfigurationPlatforms) = postSolution
		{A1B7E492-7DA3-438B-B5DC-0F719A3A2B10}.Debug|Any CPU.ActiveCfg = Debug|Any CPU
		{A1B7E492-7DA3-438B-B5DC-0F719A3A2B10}.Debug|Any CPU.Build.0 = Debug|Any CPU
		{A1B7E492-7DA3-438B-B5DC-0F719A3A2B10}.Release|Any CPU.ActiveCfg = Release|Any CPU
		{A1B7E492-7DA3-438B-B5DC-0F719A3A2B10}.Release|Any CPU.Build.0 = Release|Any CPU
	EndGlobalSection
EndGlobal
